
Microsoft Visual Studio Solution File, Format Version 12.00
# Visual Studio Version 17
VisualStudioVersion = 17.7.34018.315
MinimumVisualStudioVersion = 10.0.40219.1
Project("{FAE04EC0-301F-11D3-BF4B-00C04F79EFBC}") = "Homework_7_c#", "Homework_7_c#\Homework_7_c#.csproj", "{F205881D-476C-4FDE-93E6-8D6038743341}"
EndProject
Global
	GlobalSection(SolutionConfigurationPlatforms) = preSolution
		Debug|Any CPU = Debug|Any CPU
		Release|Any CPU = Release|Any CPU
	EndGlobalSection
	GlobalSection(ProjectConfigurationPlatforms) = postSolution
		{F205881D-476C-4FDE-93E6-8D6038743341}.Debug|Any CPU.ActiveCfg = Debug|Any CPU
		{F205881D-476C-4FDE-93E6-8D6038743341}.Debug|Any CPU.Build.0 = Debug|Any CPU
		{F205881D-476C-4FDE-93E6-8D6038743341}.Release|Any CPU.ActiveCfg = Release|Any CPU
		{F205881D-476C-4FDE-93E6-8D6038743341}.Release|Any CPU.Build.0 = Release|Any CPU
	EndGlobalSection
	GlobalSection(SolutionProperties) = preSolution
		HideSolutionNode = FALSE
	EndGlobalSection
	GlobalSection(ExtensibilityGlobals) = postSolution
		SolutionGuid = {47C8886D-9CF2-4F1C-9CC0-82CFB791FB67}
	EndGlobalSection
EndGlobal
